
Microsoft Visual Studio Solution File, Format Version 12.00
# Visual Studio Version 17
VisualStudioVersion = 17.0.32112.339
MinimumVisualStudioVersion = 10.0.40219.1
Project("{2150E333-8FDC-42A3-9474-1A3956D46DE8}") = "Services", "Services", "{CCC95B68-1F63-479D-948E-9C5B02B5A91A}"
EndProject
Project("{2150E333-8FDC-42A3-9474-1A3956D46DE8}") = "Catalog", "Catalog", "{BFFF0561-EF5D-48F3-84C6-0AB0DC236775}"
EndProject
Project("{9A19103F-16F7-4668-BE54-9A1E7A4F7556}") = "Catalog.API", "Services\Catalog\Catalog.API\Catalog.API.csproj", "{12BA3AD4-504B-401A-8C50-E475DD9F0A97}"
EndProject
Project("{E53339B2-1760-4266-BCC7-CA923CBCF16C}") = "docker-compose", "docker-compose.dcproj", "{218DF1E4-657F-43D0-B47A-C1FAC583CB93}"
EndProject
Project("{2150E333-8FDC-42A3-9474-1A3956D46DE8}") = "Basket", "Basket", "{4C7A5523-BAF5-45DF-92C4-5F71FFFE5286}"
EndProject
Project("{9A19103F-16F7-4668-BE54-9A1E7A4F7556}") = "Basket.API", "Services\Basket\Basket.API\Basket.API.csproj", "{51FEA17D-A608-4B24-84DA-B4DD7C42E87D}"
EndProject
Project("{2150E333-8FDC-42A3-9474-1A3956D46DE8}") = "Discount", "Discount", "{F7A34738-D93E-43DF-A8CB-A1E3D5C7E69A}"
EndProject
Project("{9A19103F-16F7-4668-BE54-9A1E7A4F7556}") = "Discount.API", "Services\Discount\Discount.API\Discount.API.csproj", "{B4A5F11E-2F67-40AA-B006-B5D4B761BB67}"
EndProject
Project("{9A19103F-16F7-4668-BE54-9A1E7A4F7556}") = "Discount.Grpc", "Services\Discount\Discount.Grpc\Discount.Grpc.csproj", "{A3124DD0-EC4E-41ED-87F8-D467616125E2}"
EndProject
Project("{2150E333-8FDC-42A3-9474-1A3956D46DE8}") = "Ordering", "Ordering", "{CD0EF4CC-7866-43D1-BBFA-08EEB93F092D}"
EndProject
Project("{9A19103F-16F7-4668-BE54-9A1E7A4F7556}") = "Ordering.API", "Services\Ordering\Ordering.API\Ordering.API.csproj", "{98927779-162C-43B7-9F79-AE794F572F69}"
EndProject
Project("{9A19103F-16F7-4668-BE54-9A1E7A4F7556}") = "Ordering.Domain", "Services\Ordering\Ordering.Domain\Ordering.Domain.csproj", "{3F7F8511-C9B8-4650-9F58-D4866E79104E}"
EndProject
Project("{9A19103F-16F7-4668-BE54-9A1E7A4F7556}") = "Ordering.Application", "Services\Ordering\Ordering.Application\Ordering.Application.csproj", "{DE38C043-EA74-453C-95CA-DA7CC724E439}"
EndProject
Project("{9A19103F-16F7-4668-BE54-9A1E7A4F7556}") = "Ordering.Infrastructure", "Services\Ordering\Ordering.Infrastructure\Ordering.Infrastructure.csproj", "{89D934E9-034D-415D-AE49-5F6EDA3D9DDF}"
EndProject
Project("{2150E333-8FDC-42A3-9474-1A3956D46DE8}") = "Monitoring", "Monitoring", "{911547DD-8433-4127-BC67-1CE70B322A3E}"
EndProject
Project("{9A19103F-16F7-4668-BE54-9A1E7A4F7556}") = "HealthChecker", "Services\Monitoring\HealthChecker\HealthChecker.csproj", "{D95456DC-2AE6-44D7-A962-F8F852FFE8F6}"
EndProject
Project("{2150E333-8FDC-42A3-9474-1A3956D46DE8}") = "BuildingBlocks", "BuildingBlocks", "{40884BE5-13FD-469A-90AC-8745D5DB6CD0}"
EndProject
Project("{FAE04EC0-301F-11D3-BF4B-00C04F79EFBC}") = "EventBus.Messages", "BuildingBlocks\EventBus.Messages\EventBus.Messages.csproj", "{DA05EC13-6771-4D0D-B781-3CB79DEDA5F9}"
EndProject
Global
	GlobalSection(SolutionConfigurationPlatforms) = preSolution
		Debug|Any CPU = Debug|Any CPU
		Release|Any CPU = Release|Any CPU
	EndGlobalSection
	GlobalSection(ProjectConfigurationPlatforms) = postSolution
		{12BA3AD4-504B-401A-8C50-E475DD9F0A97}.Debug|Any CPU.ActiveCfg = Debug|Any CPU
		{12BA3AD4-504B-401A-8C50-E475DD9F0A97}.Debug|Any CPU.Build.0 = Debug|Any CPU
		{12BA3AD4-504B-401A-8C50-E475DD9F0A97}.Release|Any CPU.ActiveCfg = Release|Any CPU
		{12BA3AD4-504B-401A-8C50-E475DD9F0A97}.Release|Any CPU.Build.0 = Release|Any CPU
		{218DF1E4-657F-43D0-B47A-C1FAC583CB93}.Debug|Any CPU.ActiveCfg = Debug|Any CPU
		{218DF1E4-657F-43D0-B47A-C1FAC583CB93}.Debug|Any CPU.Build.0 = Debug|Any CPU
		{218DF1E4-657F-43D0-B47A-C1FAC583CB93}.Release|Any CPU.ActiveCfg = Release|Any CPU
		{218DF1E4-657F-43D0-B47A-C1FAC583CB93}.Release|Any CPU.Build.0 = Release|Any CPU
		{51FEA17D-A608-4B24-84DA-B4DD7C42E87D}.Debug|Any CPU.ActiveCfg = Debug|Any CPU
		{51FEA17D-A608-4B24-84DA-B4DD7C42E87D}.Debug|Any CPU.Build.0 = Debug|Any CPU
		{51FEA17D-A608-4B24-84DA-B4DD7C42E87D}.Release|Any CPU.ActiveCfg = Release|Any CPU
		{51FEA17D-A608-4B24-84DA-B4DD7C42E87D}.Release|Any CPU.Build.0 = Release|Any CPU
		{B4A5F11E-2F67-40AA-B006-B5D4B761BB67}.Debug|Any CPU.ActiveCfg = Debug|Any CPU
		{B4A5F11E-2F67-40AA-B006-B5D4B761BB67}.Debug|Any CPU.Build.0 = Debug|Any CPU
		{B4A5F11E-2F67-40AA-B006-B5D4B761BB67}.Release|Any CPU.ActiveCfg = Release|Any CPU
		{B4A5F11E-2F67-40AA-B006-B5D4B761BB67}.Release|Any CPU.Build.0 = Release|Any CPU
		{A3124DD0-EC4E-41ED-87F8-D467616125E2}.Debug|Any CPU.ActiveCfg = Debug|Any CPU
		{A3124DD0-EC4E-41ED-87F8-D467616125E2}.Debug|Any CPU.Build.0 = Debug|Any CPU
		{A3124DD0-EC4E-41ED-87F8-D467616125E2}.Release|Any CPU.ActiveCfg = Release|Any CPU
		{A3124DD0-EC4E-41ED-87F8-D467616125E2}.Release|Any CPU.Build.0 = Release|Any CPU
		{98927779-162C-43B7-9F79-AE794F572F69}.Debug|Any CPU.ActiveCfg = Debug|Any CPU
		{98927779-162C-43B7-9F79-AE794F572F69}.Debug|Any CPU.Build.0 = Debug|Any CPU
		{98927779-162C-43B7-9F79-AE794F572F69}.Release|Any CPU.ActiveCfg = Release|Any CPU
		{98927779-162C-43B7-9F79-AE794F572F69}.Release|Any CPU.Build.0 = Release|Any CPU
		{3F7F8511-C9B8-4650-9F58-D4866E79104E}.Debug|Any CPU.ActiveCfg = Debug|Any CPU
		{3F7F8511-C9B8-4650-9F58-D4866E79104E}.Debug|Any CPU.Build.0 = Debug|Any CPU
		{3F7F8511-C9B8-4650-9F58-D4866E79104E}.Release|Any CPU.ActiveCfg = Release|Any CPU
		{3F7F8511-C9B8-4650-9F58-D4866E79104E}.Release|Any CPU.Build.0 = Release|Any CPU
		{DE38C043-EA74-453C-95CA-DA7CC724E439}.Debug|Any CPU.ActiveCfg = Debug|Any CPU
		{DE38C043-EA74-453C-95CA-DA7CC724E439}.Debug|Any CPU.Build.0 = Debug|Any CPU
		{DE38C043-EA74-453C-95CA-DA7CC724E439}.Release|Any CPU.ActiveCfg = Release|Any CPU
		{DE38C043-EA74-453C-95CA-DA7CC724E439}.Release|Any CPU.Build.0 = Release|Any CPU
		{89D934E9-034D-415D-AE49-5F6EDA3D9DDF}.Debug|Any CPU.ActiveCfg = Debug|Any CPU
		{89D934E9-034D-415D-AE49-5F6EDA3D9DDF}.Debug|Any CPU.Build.0 = Debug|Any CPU
		{89D934E9-034D-415D-AE49-5F6EDA3D9DDF}.Release|Any CPU.ActiveCfg = Release|Any CPU
		{89D934E9-034D-415D-AE49-5F6EDA3D9DDF}.Release|Any CPU.Build.0 = Release|Any CPU
		{D95456DC-2AE6-44D7-A962-F8F852FFE8F6}.Debug|Any CPU.ActiveCfg = Debug|Any CPU
		{D95456DC-2AE6-44D7-A962-F8F852FFE8F6}.Debug|Any CPU.Build.0 = Debug|Any CPU
		{D95456DC-2AE6-44D7-A962-F8F852FFE8F6}.Release|Any CPU.ActiveCfg = Release|Any CPU
		{D95456DC-2AE6-44D7-A962-F8F852FFE8F6}.Release|Any CPU.Build.0 = Release|Any CPU
		{DA05EC13-6771-4D0D-B781-3CB79DEDA5F9}.Debug|Any CPU.ActiveCfg = Debug|Any CPU
		{DA05EC13-6771-4D0D-B781-3CB79DEDA5F9}.Debug|Any CPU.Build.0 = Debug|Any CPU
		{DA05EC13-6771-4D0D-B781-3CB79DEDA5F9}.Release|Any CPU.ActiveCfg = Release|Any CPU
		{DA05EC13-6771-4D0D-B781-3CB79DEDA5F9}.Release|Any CPU.Build.0 = Release|Any CPU
	EndGlobalSection
	GlobalSection(SolutionProperties) = preSolution
		HideSolutionNode = FALSE
	EndGlobalSection
	GlobalSection(NestedProjects) = preSolution
		{BFFF0561-EF5D-48F3-84C6-0AB0DC236775} = {CCC95B68-1F63-479D-948E-9C5B02B5A91A}
		{12BA3AD4-504B-401A-8C50-E475DD9F0A97} = {BFFF0561-EF5D-48F3-84C6-0AB0DC236775}
		{4C7A5523-BAF5-45DF-92C4-5F71FFFE5286} = {CCC95B68-1F63-479D-948E-9C5B02B5A91A}
		{51FEA17D-A608-4B24-84DA-B4DD7C42E87D} = {4C7A5523-BAF5-45DF-92C4-5F71FFFE5286}
		{F7A34738-D93E-43DF-A8CB-A1E3D5C7E69A} = {CCC95B68-1F63-479D-948E-9C5B02B5A91A}
		{B4A5F11E-2F67-40AA-B006-B5D4B761BB67} = {F7A34738-D93E-43DF-A8CB-A1E3D5C7E69A}
		{A3124DD0-EC4E-41ED-87F8-D467616125E2} = {F7A34738-D93E-43DF-A8CB-A1E3D5C7E69A}
		{CD0EF4CC-7866-43D1-BBFA-08EEB93F092D} = {CCC95B68-1F63-479D-948E-9C5B02B5A91A}
		{98927779-162C-43B7-9F79-AE794F572F69} = {CD0EF4CC-7866-43D1-BBFA-08EEB93F092D}
		{3F7F8511-C9B8-4650-9F58-D4866E79104E} = {CD0EF4CC-7866-43D1-BBFA-08EEB93F092D}
		{DE38C043-EA74-453C-95CA-DA7CC724E439} = {CD0EF4CC-7866-43D1-BBFA-08EEB93F092D}
		{89D934E9-034D-415D-AE49-5F6EDA3D9DDF} = {CD0EF4CC-7866-43D1-BBFA-08EEB93F092D}
		{911547DD-8433-4127-BC67-1CE70B322A3E} = {CCC95B68-1F63-479D-948E-9C5B02B5A91A}
		{D95456DC-2AE6-44D7-A962-F8F852FFE8F6} = {911547DD-8433-4127-BC67-1CE70B322A3E}
		{DA05EC13-6771-4D0D-B781-3CB79DEDA5F9} = {40884BE5-13FD-469A-90AC-8745D5DB6CD0}
	EndGlobalSection
	GlobalSection(ExtensibilityGlobals) = postSolution
		SolutionGuid = {4C80492A-7DD4-49AB-BFF5-DB69082A9FF8}
	EndGlobalSection
EndGlobal
