
Microsoft Visual Studio Solution File, Format Version 12.00
# Visual Studio Version 16
VisualStudioVersion = 16.0.31005.135
MinimumVisualStudioVersion = 10.0.40219.1
Project("{2150E333-8FDC-42A3-9474-1A3956D46DE8}") = "Services", "Services", "{CCC95B68-1F63-479D-948E-9C5B02B5A91A}"
EndProject
Project("{2150E333-8FDC-42A3-9474-1A3956D46DE8}") = "Catalog", "Catalog", "{BFFF0561-EF5D-48F3-84C6-0AB0DC236775}"
EndProject
Project("{FAE04EC0-301F-11D3-BF4B-00C04F79EFBC}") = "Catalog.API", "Services\Catalog\Catalog.API\Catalog.API.csproj", "{12BA3AD4-504B-401A-8C50-E475DD9F0A97}"
EndProject
Global
	GlobalSection(SolutionConfigurationPlatforms) = preSolution
		Debug|Any CPU = Debug|Any CPU
		Release|Any CPU = Release|Any CPU
	EndGlobalSection
	GlobalSection(ProjectConfigurationPlatforms) = postSolution
		{12BA3AD4-504B-401A-8C50-E475DD9F0A97}.Debug|Any CPU.ActiveCfg = Debug|Any CPU
		{12BA3AD4-504B-401A-8C50-E475DD9F0A97}.Debug|Any CPU.Build.0 = Debug|Any CPU
		{12BA3AD4-504B-401A-8C50-E475DD9F0A97}.Release|Any CPU.ActiveCfg = Release|Any CPU
		{12BA3AD4-504B-401A-8C50-E475DD9F0A97}.Release|Any CPU.Build.0 = Release|Any CPU
	EndGlobalSection
	GlobalSection(SolutionProperties) = preSolution
		HideSolutionNode = FALSE
	EndGlobalSection
	GlobalSection(NestedProjects) = preSolution
		{BFFF0561-EF5D-48F3-84C6-0AB0DC236775} = {CCC95B68-1F63-479D-948E-9C5B02B5A91A}
		{12BA3AD4-504B-401A-8C50-E475DD9F0A97} = {BFFF0561-EF5D-48F3-84C6-0AB0DC236775}
	EndGlobalSection
	GlobalSection(ExtensibilityGlobals) = postSolution
		SolutionGuid = {4C80492A-7DD4-49AB-BFF5-DB69082A9FF8}
	EndGlobalSection
EndGlobal
